// !$*UTF8*$!
{
	archiveVersion = 1;
	classes = {
	};
	objectVersion = 46;
	objects = {

/* Begin PBXBuildFile section */
		650E83D01EAD682000270D16 /* AppDelegate.swift in Sources */ = {isa = PBXBuildFile; fileRef = 650E83CF1EAD682000270D16 /* AppDelegate.swift */; };
		650E83D21EAD682000270D16 /* ViewController.swift in Sources */ = {isa = PBXBuildFile; fileRef = 650E83D11EAD682000270D16 /* ViewController.swift */; };
		650E83D51EAD682000270D16 /* Main.storyboard in Resources */ = {isa = PBXBuildFile; fileRef = 650E83D31EAD682000270D16 /* Main.storyboard */; };
		650E83D81EAD682000270D16 /* ToDoList.xcdatamodeld in Sources */ = {isa = PBXBuildFile; fileRef = 650E83D61EAD682000270D16 /* ToDoList.xcdatamodeld */; };
		650E83DA1EAD682000270D16 /* Assets.xcassets in Resources */ = {isa = PBXBuildFile; fileRef = 650E83D91EAD682000270D16 /* Assets.xcassets */; };
		650E83DD1EAD682000270D16 /* LaunchScreen.storyboard in Resources */ = {isa = PBXBuildFile; fileRef = 650E83DB1EAD682000270D16 /* LaunchScreen.storyboard */; };
		650E83E81EAD6A5300270D16 /* AddTaskViewController.swift in Sources */ = {isa = PBXBuildFile; fileRef = 650E83E71EAD6A5300270D16 /* AddTaskViewController.swift */; };
		650E92D71EB6BB3500481978 /* DetailTaskViewController.swift in Sources */ = {isa = PBXBuildFile; fileRef = 650E92D61EB6BB3500481978 /* DetailTaskViewController.swift */; };
		650E92DA1EB6E50400481978 /* GenericTask.swift in Sources */ = {isa = PBXBuildFile; fileRef = 650E92D91EB6E50400481978 /* GenericTask.swift */; };
		65A5D0D31EB2CCA0001B8561 /* Extensions.swift in Sources */ = {isa = PBXBuildFile; fileRef = 65A5D0D21EB2CCA0001B8561 /* Extensions.swift */; };
		65ADFC281ED3C49F002865D1 /* EditViewController.swift in Sources */ = {isa = PBXBuildFile; fileRef = 65ADFC271ED3C49F002865D1 /* EditViewController.swift */; };
		65E787EA1ECBE65000C76EEB /* HomeViewController.swift in Sources */ = {isa = PBXBuildFile; fileRef = 65E787E91ECBE65000C76EEB /* HomeViewController.swift */; };
		65E787EC1ECBE84500C76EEB /* CalculatorViewController.swift in Sources */ = {isa = PBXBuildFile; fileRef = 65E787EB1ECBE84500C76EEB /* CalculatorViewController.swift */; };
/* End PBXBuildFile section */

/* Begin PBXFileReference section */
		650E83CC1EAD682000270D16 /* ToDoList.app */ = {isa = PBXFileReference; explicitFileType = wrapper.application; includeInIndex = 0; path = ToDoList.app; sourceTree = BUILT_PRODUCTS_DIR; };
		650E83CF1EAD682000270D16 /* AppDelegate.swift */ = {isa = PBXFileReference; lastKnownFileType = sourcecode.swift; path = AppDelegate.swift; sourceTree = "<group>"; };
		650E83D11EAD682000270D16 /* ViewController.swift */ = {isa = PBXFileReference; lastKnownFileType = sourcecode.swift; path = ViewController.swift; sourceTree = "<group>"; };
		650E83D41EAD682000270D16 /* Base */ = {isa = PBXFileReference; lastKnownFileType = file.storyboard; name = Base; path = Base.lproj/Main.storyboard; sourceTree = "<group>"; };
		650E83D71EAD682000270D16 /* ToDoList.xcdatamodel */ = {isa = PBXFileReference; lastKnownFileType = wrapper.xcdatamodel; path = ToDoList.xcdatamodel; sourceTree = "<group>"; };
		650E83D91EAD682000270D16 /* Assets.xcassets */ = {isa = PBXFileReference; lastKnownFileType = folder.assetcatalog; path = Assets.xcassets; sourceTree = "<group>"; };
		650E83DC1EAD682000270D16 /* Base */ = {isa = PBXFileReference; lastKnownFileType = file.storyboard; name = Base; path = Base.lproj/LaunchScreen.storyboard; sourceTree = "<group>"; };
		650E83DE1EAD682000270D16 /* Info.plist */ = {isa = PBXFileReference; lastKnownFileType = text.plist.xml; path = Info.plist; sourceTree = "<group>"; };
		650E83E71EAD6A5300270D16 /* AddTaskViewController.swift */ = {isa = PBXFileReference; fileEncoding = 4; lastKnownFileType = sourcecode.swift; path = AddTaskViewController.swift; sourceTree = "<group>"; };
		650E92D61EB6BB3500481978 /* DetailTaskViewController.swift */ = {isa = PBXFileReference; fileEncoding = 4; lastKnownFileType = sourcecode.swift; path = DetailTaskViewController.swift; sourceTree = "<group>"; };
		650E92D91EB6E50400481978 /* GenericTask.swift */ = {isa = PBXFileReference; fileEncoding = 4; lastKnownFileType = sourcecode.swift; path = GenericTask.swift; sourceTree = "<group>"; };
		65A5D0D21EB2CCA0001B8561 /* Extensions.swift */ = {isa = PBXFileReference; fileEncoding = 4; lastKnownFileType = sourcecode.swift; path = Extensions.swift; sourceTree = "<group>"; };
		65ADFC271ED3C49F002865D1 /* EditViewController.swift */ = {isa = PBXFileReference; fileEncoding = 4; lastKnownFileType = sourcecode.swift; path = EditViewController.swift; sourceTree = "<group>"; };
		65E787E91ECBE65000C76EEB /* HomeViewController.swift */ = {isa = PBXFileReference; fileEncoding = 4; lastKnownFileType = sourcecode.swift; path = HomeViewController.swift; sourceTree = "<group>"; };
		65E787EB1ECBE84500C76EEB /* CalculatorViewController.swift */ = {isa = PBXFileReference; fileEncoding = 4; lastKnownFileType = sourcecode.swift; path = CalculatorViewController.swift; sourceTree = "<group>"; };
/* End PBXFileReference section */

/* Begin PBXFrameworksBuildPhase section */
		650E83C91EAD682000270D16 /* Frameworks */ = {
			isa = PBXFrameworksBuildPhase;
			buildActionMask = 2147483647;
			files = (
			);
			runOnlyForDeploymentPostprocessing = 0;
		};
/* End PBXFrameworksBuildPhase section */

/* Begin PBXGroup section */
		650E83C31EAD682000270D16 = {
			isa = PBXGroup;
			children = (
				650E83CE1EAD682000270D16 /* ToDoList */,
				650E83CD1EAD682000270D16 /* Products */,
			);
			sourceTree = "<group>";
		};
		650E83CD1EAD682000270D16 /* Products */ = {
			isa = PBXGroup;
			children = (
				650E83CC1EAD682000270D16 /* ToDoList.app */,
			);
			name = Products;
			sourceTree = "<group>";
		};
		650E83CE1EAD682000270D16 /* ToDoList */ = {
			isa = PBXGroup;
			children = (
				650E83CF1EAD682000270D16 /* AppDelegate.swift */,
				65A5D0D11EB2C32F001B8561 /* Helpers */,
				650E83E41EAD686700270D16 /* Controller */,
				650E92D81EB6E4D000481978 /* Model */,
				650E83D31EAD682000270D16 /* Main.storyboard */,
				650E83D91EAD682000270D16 /* Assets.xcassets */,
				650E83DB1EAD682000270D16 /* LaunchScreen.storyboard */,
				650E83DE1EAD682000270D16 /* Info.plist */,
				650E83D61EAD682000270D16 /* ToDoList.xcdatamodeld */,
			);
			path = ToDoList;
			sourceTree = "<group>";
		};
		650E83E41EAD686700270D16 /* Controller */ = {
			isa = PBXGroup;
			children = (
				650E83D11EAD682000270D16 /* ViewController.swift */,
				650E83E71EAD6A5300270D16 /* AddTaskViewController.swift */,
				650E92D61EB6BB3500481978 /* DetailTaskViewController.swift */,
				65E787E91ECBE65000C76EEB /* HomeViewController.swift */,
				65E787EB1ECBE84500C76EEB /* CalculatorViewController.swift */,
				65ADFC271ED3C49F002865D1 /* EditViewController.swift */,
			);
			name = Controller;
			sourceTree = "<group>";
		};
		650E92D81EB6E4D000481978 /* Model */ = {
			isa = PBXGroup;
			children = (
				650E92D91EB6E50400481978 /* GenericTask.swift */,
			);
			name = Model;
			sourceTree = "<group>";
		};
		65A5D0D11EB2C32F001B8561 /* Helpers */ = {
			isa = PBXGroup;
			children = (
				65A5D0D21EB2CCA0001B8561 /* Extensions.swift */,
			);
			name = Helpers;
			sourceTree = "<group>";
		};
/* End PBXGroup section */

/* Begin PBXNativeTarget section */
		650E83CB1EAD682000270D16 /* ToDoList */ = {
			isa = PBXNativeTarget;
			buildConfigurationList = 650E83E11EAD682000270D16 /* Build configuration list for PBXNativeTarget "ToDoList" */;
			buildPhases = (
				650E83C81EAD682000270D16 /* Sources */,
				650E83C91EAD682000270D16 /* Frameworks */,
				650E83CA1EAD682000270D16 /* Resources */,
			);
			buildRules = (
			);
			dependencies = (
			);
			name = ToDoList;
			productName = ToDoList;
			productReference = 650E83CC1EAD682000270D16 /* ToDoList.app */;
			productType = "com.apple.product-type.application";
		};
/* End PBXNativeTarget section */

/* Begin PBXProject section */
		650E83C41EAD682000270D16 /* Project object */ = {
			isa = PBXProject;
			attributes = {
				LastSwiftUpdateCheck = 0830;
				LastUpgradeCheck = 0830;
				ORGANIZATIONNAME = Picho;
				TargetAttributes = {
					650E83CB1EAD682000270D16 = {
						CreatedOnToolsVersion = 8.3;
						ProvisioningStyle = Automatic;
					};
				};
			};
			buildConfigurationList = 650E83C71EAD682000270D16 /* Build configuration list for PBXProject "ToDoList" */;
			compatibilityVersion = "Xcode 3.2";
			developmentRegion = English;
			hasScannedForEncodings = 0;
			knownRegions = (
				en,
				Base,
			);
			mainGroup = 650E83C31EAD682000270D16;
			productRefGroup = 650E83CD1EAD682000270D16 /* Products */;
			projectDirPath = "";
			projectRoot = "";
			targets = (
				650E83CB1EAD682000270D16 /* ToDoList */,
			);
		};
/* End PBXProject section */

/* Begin PBXResourcesBuildPhase section */
		650E83CA1EAD682000270D16 /* Resources */ = {
			isa = PBXResourcesBuildPhase;
			buildActionMask = 2147483647;
			files = (
				650E83DD1EAD682000270D16 /* LaunchScreen.storyboard in Resources */,
				650E83DA1EAD682000270D16 /* Assets.xcassets in Resources */,
				650E83D51EAD682000270D16 /* Main.storyboard in Resources */,
			);
			runOnlyForDeploymentPostprocessing = 0;
		};
/* End PBXResourcesBuildPhase section */

/* Begin PBXSourcesBuildPhase section */
		650E83C81EAD682000270D16 /* Sources */ = {
			isa = PBXSourcesBuildPhase;
			buildActionMask = 2147483647;
			files = (
				65ADFC281ED3C49F002865D1 /* EditViewController.swift in Sources */,
				65A5D0D31EB2CCA0001B8561 /* Extensions.swift in Sources */,
				650E83D21EAD682000270D16 /* ViewController.swift in Sources */,
				650E83E81EAD6A5300270D16 /* AddTaskViewController.swift in Sources */,
				650E83D81EAD682000270D16 /* ToDoList.xcdatamodeld in Sources */,
				65E787EA1ECBE65000C76EEB /* HomeViewController.swift in Sources */,
				650E92D71EB6BB3500481978 /* DetailTaskViewController.swift in Sources */,
				650E92DA1EB6E50400481978 /* GenericTask.swift in Sources */,
				65E787EC1ECBE84500C76EEB /* CalculatorViewController.swift in Sources */,
				650E83D01EAD682000270D16 /* AppDelegate.swift in Sources */,
			);
			runOnlyForDeploymentPostprocessing = 0;
		};
/* End PBXSourcesBuildPhase section */

/* Begin PBXVariantGroup section */
		650E83D31EAD682000270D16 /* Main.storyboard */ = {
			isa = PBXVariantGroup;
			children = (
				650E83D41EAD682000270D16 /* Base */,
			);
			name = Main.storyboard;
			sourceTree = "<group>";
		};
		650E83DB1EAD682000270D16 /* LaunchScreen.storyboard */ = {
			isa = PBXVariantGroup;
			children = (
				650E83DC1EAD682000270D16 /* Base */,
			);
			name = LaunchScreen.storyboard;
			sourceTree = "<group>";
		};
/* End PBXVariantGroup section */

/* Begin XCBuildConfiguration section */
		650E83DF1EAD682000270D16 /* Debug */ = {
			isa = XCBuildConfiguration;
			buildSettings = {
				ALWAYS_SEARCH_USER_PATHS = NO;
				CLANG_ANALYZER_NONNULL = YES;
				CLANG_ANALYZER_NUMBER_OBJECT_CONVERSION = YES_AGGRESSIVE;
				CLANG_CXX_LANGUAGE_STANDARD = "gnu++0x";
				CLANG_CXX_LIBRARY = "libc++";
				CLANG_ENABLE_MODULES = YES;
				CLANG_ENABLE_OBJC_ARC = YES;
				CLANG_WARN_BOOL_CONVERSION = YES;
				CLANG_WARN_CONSTANT_CONVERSION = YES;
				CLANG_WARN_DIRECT_OBJC_ISA_USAGE = YES_ERROR;
				CLANG_WARN_DOCUMENTATION_COMMENTS = YES;
				CLANG_WARN_EMPTY_BODY = YES;
				CLANG_WARN_ENUM_CONVERSION = YES;
				CLANG_WARN_INFINITE_RECURSION = YES;
				CLANG_WARN_INT_CONVERSION = YES;
				CLANG_WARN_OBJC_ROOT_CLASS = YES_ERROR;
				CLANG_WARN_SUSPICIOUS_MOVE = YES;
				CLANG_WARN_UNREACHABLE_CODE = YES;
				CLANG_WARN__DUPLICATE_METHOD_MATCH = YES;
				"CODE_SIGN_IDENTITY[sdk=iphoneos*]" = "iPhone Developer";
				COPY_PHASE_STRIP = NO;
				DEBUG_INFORMATION_FORMAT = dwarf;
				ENABLE_STRICT_OBJC_MSGSEND = YES;
				ENABLE_TESTABILITY = YES;
				GCC_C_LANGUAGE_STANDARD = gnu99;
				GCC_DYNAMIC_NO_PIC = NO;
				GCC_NO_COMMON_BLOCKS = YES;
				GCC_OPTIMIZATION_LEVEL = 0;
				GCC_PREPROCESSOR_DEFINITIONS = (
					"DEBUG=1",
					"$(inherited)",
				);
				GCC_WARN_64_TO_32_BIT_CONVERSION = YES;
				GCC_WARN_ABOUT_RETURN_TYPE = YES_ERROR;
				GCC_WARN_UNDECLARED_SELECTOR = YES;
				GCC_WARN_UNINITIALIZED_AUTOS = YES_AGGRESSIVE;
				GCC_WARN_UNUSED_FUNCTION = YES;
				GCC_WARN_UNUSED_VARIABLE = YES;
				IPHONEOS_DEPLOYMENT_TARGET = 10.3;
				MTL_ENABLE_DEBUG_INFO = YES;
				ONLY_ACTIVE_ARCH = YES;
				SDKROOT = iphoneos;
				SWIFT_ACTIVE_COMPILATION_CONDITIONS = DEBUG;
				SWIFT_OPTIMIZATION_LEVEL = "-Onone";
			};
			name = Debug;
		};
		650E83E01EAD682000270D16 /* Release */ = {
			isa = XCBuildConfiguration;
			buildSettings = {
				ALWAYS_SEARCH_USER_PATHS = NO;
				CLANG_ANALYZER_NONNULL = YES;
				CLANG_ANALYZER_NUMBER_OBJECT_CONVERSION = YES_AGGRESSIVE;
				CLANG_CXX_LANGUAGE_STANDARD = "gnu++0x";
				CLANG_CXX_LIBRARY = "libc++";
				CLANG_ENABLE_MODULES = YES;
				CLANG_ENABLE_OBJC_ARC = YES;
				CLANG_WARN_BOOL_CONVERSION = YES;
				CLANG_WARN_CONSTANT_CONVERSION = YES;
				CLANG_WARN_DIRECT_OBJC_ISA_USAGE = YES_ERROR;
				CLANG_WARN_DOCUMENTATION_COMMENTS = YES;
				CLANG_WARN_EMPTY_BODY = YES;
				CLANG_WARN_ENUM_CONVERSION = YES;
				CLANG_WARN_INFINITE_RECURSION = YES;
				CLANG_WARN_INT_CONVERSION = YES;
				CLANG_WARN_OBJC_ROOT_CLASS = YES_ERROR;
				CLANG_WARN_SUSPICIOUS_MOVE = YES;
				CLANG_WARN_UNREACHABLE_CODE = YES;
				CLANG_WARN__DUPLICATE_METHOD_MATCH = YES;
				"CODE_SIGN_IDENTITY[sdk=iphoneos*]" = "iPhone Developer";
				COPY_PHASE_STRIP = NO;
				DEBUG_INFORMATION_FORMAT = "dwarf-with-dsym";
				ENABLE_NS_ASSERTIONS = NO;
				ENABLE_STRICT_OBJC_MSGSEND = YES;
				GCC_C_LANGUAGE_STANDARD = gnu99;
				GCC_NO_COMMON_BLOCKS = YES;
				GCC_WARN_64_TO_32_BIT_CONVERSION = YES;
				GCC_WARN_ABOUT_RETURN_TYPE = YES_ERROR;
				GCC_WARN_UNDECLARED_SELECTOR = YES;
				GCC_WARN_UNINITIALIZED_AUTOS = YES_AGGRESSIVE;
				GCC_WARN_UNUSED_FUNCTION = YES;
				GCC_WARN_UNUSED_VARIABLE = YES;
				IPHONEOS_DEPLOYMENT_TARGET = 10.3;
				MTL_ENABLE_DEBUG_INFO = NO;
				SDKROOT = iphoneos;
				SWIFT_OPTIMIZATION_LEVEL = "-Owholemodule";
				VALIDATE_PRODUCT = YES;
			};
			name = Release;
		};
		650E83E21EAD682000270D16 /* Debug */ = {
			isa = XCBuildConfiguration;
			buildSettings = {
				ASSETCATALOG_COMPILER_APPICON_NAME = AppIcon;
				INFOPLIST_FILE = ToDoList/Info.plist;
				LD_RUNPATH_SEARCH_PATHS = "$(inherited) @executable_path/Frameworks";
				PRODUCT_BUNDLE_IDENTIFIER = com.Picho.ToDoList;
				PRODUCT_NAME = "$(TARGET_NAME)";
				SWIFT_VERSION = 3.0;
			};
			name = Debug;
		};
		650E83E31EAD682000270D16 /* Release */ = {
			isa = XCBuildConfiguration;
			buildSettings = {
				ASSETCATALOG_COMPILER_APPICON_NAME = AppIcon;
				INFOPLIST_FILE = ToDoList/Info.plist;
				LD_RUNPATH_SEARCH_PATHS = "$(inherited) @executable_path/Frameworks";
				PRODUCT_BUNDLE_IDENTIFIER = com.Picho.ToDoList;
				PRODUCT_NAME = "$(TARGET_NAME)";
				SWIFT_VERSION = 3.0;
			};
			name = Release;
		};
/* End XCBuildConfiguration section */

/* Begin XCConfigurationList section */
		650E83C71EAD682000270D16 /* Build configuration list for PBXProject "ToDoList" */ = {
			isa = XCConfigurationList;
			buildConfigurations = (
				650E83DF1EAD682000270D16 /* Debug */,
				650E83E01EAD682000270D16 /* Release */,
			);
			defaultConfigurationIsVisible = 0;
			defaultConfigurationName = Release;
		};
		650E83E11EAD682000270D16 /* Build configuration list for PBXNativeTarget "ToDoList" */ = {
			isa = XCConfigurationList;
			buildConfigurations = (
				650E83E21EAD682000270D16 /* Debug */,
				650E83E31EAD682000270D16 /* Release */,
			);
			defaultConfigurationIsVisible = 0;
			defaultConfigurationName = Release;
		};
/* End XCConfigurationList section */

/* Begin XCVersionGroup section */
		650E83D61EAD682000270D16 /* ToDoList.xcdatamodeld */ = {
			isa = XCVersionGroup;
			children = (
				650E83D71EAD682000270D16 /* ToDoList.xcdatamodel */,
			);
			currentVersion = 650E83D71EAD682000270D16 /* ToDoList.xcdatamodel */;
			path = ToDoList.xcdatamodeld;
			sourceTree = "<group>";
			versionGroupType = wrapper.xcdatamodel;
		};
/* End XCVersionGroup section */
	};
	rootObject = 650E83C41EAD682000270D16 /* Project object */;
}
